
Microsoft Visual Studio Solution File, Format Version 12.00
# Visual Studio 14
VisualStudioVersion = 14.0.25123.0
MinimumVisualStudioVersion = 10.0.40219.1
Project("{8BC9CEB8-8B4A-11D0-8D11-00A0C91BC942}") = "Functions", "homework\homework.vcxproj", "{868EAC48-994F-4FF0-8775-D7BF237A82C2}"
EndProject
Project("{8BC9CEB8-8B4A-11D0-8D11-00A0C91BC942}") = "structs exercise", "structs exercise\structs exercise.vcxproj", "{93A9B976-7871-4E6E-B64B-EAD6DD257604}"
EndProject
Project("{8BC9CEB8-8B4A-11D0-8D11-00A0C91BC942}") = "string class", "string class\string class.vcxproj", "{331A7FBE-83B5-46A2-B1A1-01B100EBDEB9}"
EndProject
Project("{8BC9CEB8-8B4A-11D0-8D11-00A0C91BC942}") = "9.15 morning problem", "9.15 morning problem\9.15 morning problem.vcxproj", "{6F79EACB-952B-4C19-BE4E-A096C6CDCD15}"
EndProject
Project("{8BC9CEB8-8B4A-11D0-8D11-00A0C91BC942}") = "pointers exercise", "pointers exercise\pointers exercise.vcxproj", "{9E93DA7B-1457-4FB9-B636-0A91AC945C79}"
EndProject
Project("{8BC9CEB8-8B4A-11D0-8D11-00A0C91BC942}") = "9.29 morning problem", "Project4\Project4.vcxproj", "{46AEB09B-07F0-4AB7-9A56-9F7613E87AF4}"
EndProject
Project("{8BC9CEB8-8B4A-11D0-8D11-00A0C91BC942}") = "Classes exercise", "Classes exercise\Classes exercise.vcxproj", "{ECB6BE8E-A88A-4ECA-9647-9AA46FB9DE6B}"
EndProject
Project("{8BC9CEB8-8B4A-11D0-8D11-00A0C91BC942}") = "10.7 gist assignment", "10.7 gist assignment\10.7 gist assignment.vcxproj", "{1393E1AD-ED16-488B-B47A-61F7D0B72ABB}"
EndProject
Project("{8BC9CEB8-8B4A-11D0-8D11-00A0C91BC942}") = "class exercise troll orc inheritence pointer", "Project8\Project8.vcxproj", "{EBD98A73-1460-4C76-B8FF-8628F6D9EE54}"
EndProject
Project("{8BC9CEB8-8B4A-11D0-8D11-00A0C91BC942}") = "morning gist assignment 10.13", "morning gist assignment 10.13\morning gist assignment 10.13.vcxproj", "{92AD7F2B-4484-4F98-AE20-4405598B7161}"
EndProject
Project("{8BC9CEB8-8B4A-11D0-8D11-00A0C91BC942}") = "rps game port", "rps game port\rps game port.vcxproj", "{3BB33EE2-7014-41F4-9982-B29F9D768599}"
EndProject
Project("{8BC9CEB8-8B4A-11D0-8D11-00A0C91BC942}") = "template functions", "Project12\Project12.vcxproj", "{1EC840B4-2B4C-49D9-90D9-DAE2BC22D351}"
EndProject
Project("{8BC9CEB8-8B4A-11D0-8D11-00A0C91BC942}") = "vectors", "vectors\vectors.vcxproj", "{454E7913-2845-4560-9850-3D57179D5887}"
EndProject
Project("{8BC9CEB8-8B4A-11D0-8D11-00A0C91BC942}") = "Project14", "Project14\Project14.vcxproj", "{F3D31E44-7F30-45BC-9AE4-A177CDFE4838}"
EndProject
Project("{8BC9CEB8-8B4A-11D0-8D11-00A0C91BC942}") = "Math Library", "Math Library\Math Library.vcxproj", "{1F8A0309-19F2-4DF2-ABAC-1C3B1E7EA2AA}"
EndProject
Global
	GlobalSection(SolutionConfigurationPlatforms) = preSolution
		Debug|Any CPU = Debug|Any CPU
		Debug|x64 = Debug|x64
		Debug|x86 = Debug|x86
		Release|Any CPU = Release|Any CPU
		Release|x64 = Release|x64
		Release|x86 = Release|x86
	EndGlobalSection
	GlobalSection(ProjectConfigurationPlatforms) = postSolution
		{868EAC48-994F-4FF0-8775-D7BF237A82C2}.Debug|Any CPU.ActiveCfg = Debug|Win32
		{868EAC48-994F-4FF0-8775-D7BF237A82C2}.Debug|x64.ActiveCfg = Debug|x64
		{868EAC48-994F-4FF0-8775-D7BF237A82C2}.Debug|x64.Build.0 = Debug|x64
		{868EAC48-994F-4FF0-8775-D7BF237A82C2}.Debug|x86.ActiveCfg = Debug|Win32
		{868EAC48-994F-4FF0-8775-D7BF237A82C2}.Debug|x86.Build.0 = Debug|Win32
		{868EAC48-994F-4FF0-8775-D7BF237A82C2}.Release|Any CPU.ActiveCfg = Release|Win32
		{868EAC48-994F-4FF0-8775-D7BF237A82C2}.Release|x64.ActiveCfg = Release|x64
		{868EAC48-994F-4FF0-8775-D7BF237A82C2}.Release|x64.Build.0 = Release|x64
		{868EAC48-994F-4FF0-8775-D7BF237A82C2}.Release|x86.ActiveCfg = Release|Win32
		{868EAC48-994F-4FF0-8775-D7BF237A82C2}.Release|x86.Build.0 = Release|Win32
		{93A9B976-7871-4E6E-B64B-EAD6DD257604}.Debug|Any CPU.ActiveCfg = Debug|Win32
		{93A9B976-7871-4E6E-B64B-EAD6DD257604}.Debug|x64.ActiveCfg = Debug|x64
		{93A9B976-7871-4E6E-B64B-EAD6DD257604}.Debug|x64.Build.0 = Debug|x64
		{93A9B976-7871-4E6E-B64B-EAD6DD257604}.Debug|x86.ActiveCfg = Debug|Win32
		{93A9B976-7871-4E6E-B64B-EAD6DD257604}.Debug|x86.Build.0 = Debug|Win32
		{93A9B976-7871-4E6E-B64B-EAD6DD257604}.Release|Any CPU.ActiveCfg = Release|Win32
		{93A9B976-7871-4E6E-B64B-EAD6DD257604}.Release|x64.ActiveCfg = Release|x64
		{93A9B976-7871-4E6E-B64B-EAD6DD257604}.Release|x64.Build.0 = Release|x64
		{93A9B976-7871-4E6E-B64B-EAD6DD257604}.Release|x86.ActiveCfg = Release|Win32
		{93A9B976-7871-4E6E-B64B-EAD6DD257604}.Release|x86.Build.0 = Release|Win32
		{331A7FBE-83B5-46A2-B1A1-01B100EBDEB9}.Debug|Any CPU.ActiveCfg = Debug|Win32
		{331A7FBE-83B5-46A2-B1A1-01B100EBDEB9}.Debug|x64.ActiveCfg = Debug|x64
		{331A7FBE-83B5-46A2-B1A1-01B100EBDEB9}.Debug|x64.Build.0 = Debug|x64
		{331A7FBE-83B5-46A2-B1A1-01B100EBDEB9}.Debug|x86.ActiveCfg = Debug|Win32
		{331A7FBE-83B5-46A2-B1A1-01B100EBDEB9}.Debug|x86.Build.0 = Debug|Win32
		{331A7FBE-83B5-46A2-B1A1-01B100EBDEB9}.Release|Any CPU.ActiveCfg = Release|Win32
		{331A7FBE-83B5-46A2-B1A1-01B100EBDEB9}.Release|x64.ActiveCfg = Release|x64
		{331A7FBE-83B5-46A2-B1A1-01B100EBDEB9}.Release|x64.Build.0 = Release|x64
		{331A7FBE-83B5-46A2-B1A1-01B100EBDEB9}.Release|x86.ActiveCfg = Release|Win32
		{331A7FBE-83B5-46A2-B1A1-01B100EBDEB9}.Release|x86.Build.0 = Release|Win32
		{6F79EACB-952B-4C19-BE4E-A096C6CDCD15}.Debug|Any CPU.ActiveCfg = Debug|Win32
		{6F79EACB-952B-4C19-BE4E-A096C6CDCD15}.Debug|x64.ActiveCfg = Debug|x64
		{6F79EACB-952B-4C19-BE4E-A096C6CDCD15}.Debug|x64.Build.0 = Debug|x64
		{6F79EACB-952B-4C19-BE4E-A096C6CDCD15}.Debug|x86.ActiveCfg = Debug|Win32
		{6F79EACB-952B-4C19-BE4E-A096C6CDCD15}.Debug|x86.Build.0 = Debug|Win32
		{6F79EACB-952B-4C19-BE4E-A096C6CDCD15}.Release|Any CPU.ActiveCfg = Release|Win32
		{6F79EACB-952B-4C19-BE4E-A096C6CDCD15}.Release|x64.ActiveCfg = Release|x64
		{6F79EACB-952B-4C19-BE4E-A096C6CDCD15}.Release|x64.Build.0 = Release|x64
		{6F79EACB-952B-4C19-BE4E-A096C6CDCD15}.Release|x86.ActiveCfg = Release|Win32
		{6F79EACB-952B-4C19-BE4E-A096C6CDCD15}.Release|x86.Build.0 = Release|Win32
		{9E93DA7B-1457-4FB9-B636-0A91AC945C79}.Debug|Any CPU.ActiveCfg = Debug|Win32
		{9E93DA7B-1457-4FB9-B636-0A91AC945C79}.Debug|x64.ActiveCfg = Debug|x64
		{9E93DA7B-1457-4FB9-B636-0A91AC945C79}.Debug|x64.Build.0 = Debug|x64
		{9E93DA7B-1457-4FB9-B636-0A91AC945C79}.Debug|x86.ActiveCfg = Debug|Win32
		{9E93DA7B-1457-4FB9-B636-0A91AC945C79}.Debug|x86.Build.0 = Debug|Win32
		{9E93DA7B-1457-4FB9-B636-0A91AC945C79}.Release|Any CPU.ActiveCfg = Release|Win32
		{9E93DA7B-1457-4FB9-B636-0A91AC945C79}.Release|x64.ActiveCfg = Release|x64
		{9E93DA7B-1457-4FB9-B636-0A91AC945C79}.Release|x64.Build.0 = Release|x64
		{9E93DA7B-1457-4FB9-B636-0A91AC945C79}.Release|x86.ActiveCfg = Release|Win32
		{9E93DA7B-1457-4FB9-B636-0A91AC945C79}.Release|x86.Build.0 = Release|Win32
		{46AEB09B-07F0-4AB7-9A56-9F7613E87AF4}.Debug|Any CPU.ActiveCfg = Debug|Win32
		{46AEB09B-07F0-4AB7-9A56-9F7613E87AF4}.Debug|x64.ActiveCfg = Debug|x64
		{46AEB09B-07F0-4AB7-9A56-9F7613E87AF4}.Debug|x64.Build.0 = Debug|x64
		{46AEB09B-07F0-4AB7-9A56-9F7613E87AF4}.Debug|x86.ActiveCfg = Debug|Win32
		{46AEB09B-07F0-4AB7-9A56-9F7613E87AF4}.Debug|x86.Build.0 = Debug|Win32
		{46AEB09B-07F0-4AB7-9A56-9F7613E87AF4}.Release|Any CPU.ActiveCfg = Release|Win32
		{46AEB09B-07F0-4AB7-9A56-9F7613E87AF4}.Release|x64.ActiveCfg = Release|x64
		{46AEB09B-07F0-4AB7-9A56-9F7613E87AF4}.Release|x64.Build.0 = Release|x64
		{46AEB09B-07F0-4AB7-9A56-9F7613E87AF4}.Release|x86.ActiveCfg = Release|Win32
		{46AEB09B-07F0-4AB7-9A56-9F7613E87AF4}.Release|x86.Build.0 = Release|Win32
		{ECB6BE8E-A88A-4ECA-9647-9AA46FB9DE6B}.Debug|Any CPU.ActiveCfg = Debug|Win32
		{ECB6BE8E-A88A-4ECA-9647-9AA46FB9DE6B}.Debug|x64.ActiveCfg = Debug|x64
		{ECB6BE8E-A88A-4ECA-9647-9AA46FB9DE6B}.Debug|x64.Build.0 = Debug|x64
		{ECB6BE8E-A88A-4ECA-9647-9AA46FB9DE6B}.Debug|x86.ActiveCfg = Debug|Win32
		{ECB6BE8E-A88A-4ECA-9647-9AA46FB9DE6B}.Debug|x86.Build.0 = Debug|Win32
		{ECB6BE8E-A88A-4ECA-9647-9AA46FB9DE6B}.Release|Any CPU.ActiveCfg = Release|Win32
		{ECB6BE8E-A88A-4ECA-9647-9AA46FB9DE6B}.Release|x64.ActiveCfg = Release|x64
		{ECB6BE8E-A88A-4ECA-9647-9AA46FB9DE6B}.Release|x64.Build.0 = Release|x64
		{ECB6BE8E-A88A-4ECA-9647-9AA46FB9DE6B}.Release|x86.ActiveCfg = Release|Win32
		{ECB6BE8E-A88A-4ECA-9647-9AA46FB9DE6B}.Release|x86.Build.0 = Release|Win32
		{1393E1AD-ED16-488B-B47A-61F7D0B72ABB}.Debug|Any CPU.ActiveCfg = Debug|Win32
		{1393E1AD-ED16-488B-B47A-61F7D0B72ABB}.Debug|x64.ActiveCfg = Debug|x64
		{1393E1AD-ED16-488B-B47A-61F7D0B72ABB}.Debug|x64.Build.0 = Debug|x64
		{1393E1AD-ED16-488B-B47A-61F7D0B72ABB}.Debug|x86.ActiveCfg = Debug|Win32
		{1393E1AD-ED16-488B-B47A-61F7D0B72ABB}.Debug|x86.Build.0 = Debug|Win32
		{1393E1AD-ED16-488B-B47A-61F7D0B72ABB}.Release|Any CPU.ActiveCfg = Release|Win32
		{1393E1AD-ED16-488B-B47A-61F7D0B72ABB}.Release|x64.ActiveCfg = Release|x64
		{1393E1AD-ED16-488B-B47A-61F7D0B72ABB}.Release|x64.Build.0 = Release|x64
		{1393E1AD-ED16-488B-B47A-61F7D0B72ABB}.Release|x86.ActiveCfg = Release|Win32
		{1393E1AD-ED16-488B-B47A-61F7D0B72ABB}.Release|x86.Build.0 = Release|Win32
		{EBD98A73-1460-4C76-B8FF-8628F6D9EE54}.Debug|Any CPU.ActiveCfg = Debug|Win32
		{EBD98A73-1460-4C76-B8FF-8628F6D9EE54}.Debug|x64.ActiveCfg = Debug|x64
		{EBD98A73-1460-4C76-B8FF-8628F6D9EE54}.Debug|x64.Build.0 = Debug|x64
		{EBD98A73-1460-4C76-B8FF-8628F6D9EE54}.Debug|x86.ActiveCfg = Debug|Win32
		{EBD98A73-1460-4C76-B8FF-8628F6D9EE54}.Debug|x86.Build.0 = Debug|Win32
		{EBD98A73-1460-4C76-B8FF-8628F6D9EE54}.Release|Any CPU.ActiveCfg = Release|Win32
		{EBD98A73-1460-4C76-B8FF-8628F6D9EE54}.Release|x64.ActiveCfg = Release|x64
		{EBD98A73-1460-4C76-B8FF-8628F6D9EE54}.Release|x64.Build.0 = Release|x64
		{EBD98A73-1460-4C76-B8FF-8628F6D9EE54}.Release|x86.ActiveCfg = Release|Win32
		{EBD98A73-1460-4C76-B8FF-8628F6D9EE54}.Release|x86.Build.0 = Release|Win32
		{92AD7F2B-4484-4F98-AE20-4405598B7161}.Debug|Any CPU.ActiveCfg = Debug|Win32
		{92AD7F2B-4484-4F98-AE20-4405598B7161}.Debug|x64.ActiveCfg = Debug|x64
		{92AD7F2B-4484-4F98-AE20-4405598B7161}.Debug|x64.Build.0 = Debug|x64
		{92AD7F2B-4484-4F98-AE20-4405598B7161}.Debug|x86.ActiveCfg = Debug|Win32
		{92AD7F2B-4484-4F98-AE20-4405598B7161}.Debug|x86.Build.0 = Debug|Win32
		{92AD7F2B-4484-4F98-AE20-4405598B7161}.Release|Any CPU.ActiveCfg = Release|Win32
		{92AD7F2B-4484-4F98-AE20-4405598B7161}.Release|x64.ActiveCfg = Release|x64
		{92AD7F2B-4484-4F98-AE20-4405598B7161}.Release|x64.Build.0 = Release|x64
		{92AD7F2B-4484-4F98-AE20-4405598B7161}.Release|x86.ActiveCfg = Release|Win32
		{92AD7F2B-4484-4F98-AE20-4405598B7161}.Release|x86.Build.0 = Release|Win32
		{3BB33EE2-7014-41F4-9982-B29F9D768599}.Debug|Any CPU.ActiveCfg = Debug|Win32
		{3BB33EE2-7014-41F4-9982-B29F9D768599}.Debug|x64.ActiveCfg = Debug|x64
		{3BB33EE2-7014-41F4-9982-B29F9D768599}.Debug|x64.Build.0 = Debug|x64
		{3BB33EE2-7014-41F4-9982-B29F9D768599}.Debug|x86.ActiveCfg = Debug|Win32
		{3BB33EE2-7014-41F4-9982-B29F9D768599}.Debug|x86.Build.0 = Debug|Win32
		{3BB33EE2-7014-41F4-9982-B29F9D768599}.Release|Any CPU.ActiveCfg = Release|Win32
		{3BB33EE2-7014-41F4-9982-B29F9D768599}.Release|x64.ActiveCfg = Release|x64
		{3BB33EE2-7014-41F4-9982-B29F9D768599}.Release|x64.Build.0 = Release|x64
		{3BB33EE2-7014-41F4-9982-B29F9D768599}.Release|x86.ActiveCfg = Release|Win32
		{3BB33EE2-7014-41F4-9982-B29F9D768599}.Release|x86.Build.0 = Release|Win32
		{1EC840B4-2B4C-49D9-90D9-DAE2BC22D351}.Debug|Any CPU.ActiveCfg = Debug|Win32
		{1EC840B4-2B4C-49D9-90D9-DAE2BC22D351}.Debug|x64.ActiveCfg = Debug|x64
		{1EC840B4-2B4C-49D9-90D9-DAE2BC22D351}.Debug|x64.Build.0 = Debug|x64
		{1EC840B4-2B4C-49D9-90D9-DAE2BC22D351}.Debug|x86.ActiveCfg = Debug|Win32
		{1EC840B4-2B4C-49D9-90D9-DAE2BC22D351}.Debug|x86.Build.0 = Debug|Win32
		{1EC840B4-2B4C-49D9-90D9-DAE2BC22D351}.Release|Any CPU.ActiveCfg = Release|Win32
		{1EC840B4-2B4C-49D9-90D9-DAE2BC22D351}.Release|x64.ActiveCfg = Release|x64
		{1EC840B4-2B4C-49D9-90D9-DAE2BC22D351}.Release|x64.Build.0 = Release|x64
		{1EC840B4-2B4C-49D9-90D9-DAE2BC22D351}.Release|x86.ActiveCfg = Release|Win32
		{1EC840B4-2B4C-49D9-90D9-DAE2BC22D351}.Release|x86.Build.0 = Release|Win32
		{454E7913-2845-4560-9850-3D57179D5887}.Debug|Any CPU.ActiveCfg = Debug|Win32
		{454E7913-2845-4560-9850-3D57179D5887}.Debug|x64.ActiveCfg = Debug|x64
		{454E7913-2845-4560-9850-3D57179D5887}.Debug|x64.Build.0 = Debug|x64
		{454E7913-2845-4560-9850-3D57179D5887}.Debug|x86.ActiveCfg = Debug|Win32
		{454E7913-2845-4560-9850-3D57179D5887}.Debug|x86.Build.0 = Debug|Win32
		{454E7913-2845-4560-9850-3D57179D5887}.Release|Any CPU.ActiveCfg = Release|Win32
		{454E7913-2845-4560-9850-3D57179D5887}.Release|x64.ActiveCfg = Release|x64
		{454E7913-2845-4560-9850-3D57179D5887}.Release|x64.Build.0 = Release|x64
		{454E7913-2845-4560-9850-3D57179D5887}.Release|x86.ActiveCfg = Release|Win32
		{454E7913-2845-4560-9850-3D57179D5887}.Release|x86.Build.0 = Release|Win32
		{F3D31E44-7F30-45BC-9AE4-A177CDFE4838}.Debug|Any CPU.ActiveCfg = Debug|Win32
		{F3D31E44-7F30-45BC-9AE4-A177CDFE4838}.Debug|x64.ActiveCfg = Debug|x64
		{F3D31E44-7F30-45BC-9AE4-A177CDFE4838}.Debug|x64.Build.0 = Debug|x64
		{F3D31E44-7F30-45BC-9AE4-A177CDFE4838}.Debug|x86.ActiveCfg = Debug|Win32
		{F3D31E44-7F30-45BC-9AE4-A177CDFE4838}.Debug|x86.Build.0 = Debug|Win32
		{F3D31E44-7F30-45BC-9AE4-A177CDFE4838}.Release|Any CPU.ActiveCfg = Release|Win32
		{F3D31E44-7F30-45BC-9AE4-A177CDFE4838}.Release|x64.ActiveCfg = Release|x64
		{F3D31E44-7F30-45BC-9AE4-A177CDFE4838}.Release|x64.Build.0 = Release|x64
		{F3D31E44-7F30-45BC-9AE4-A177CDFE4838}.Release|x86.ActiveCfg = Release|Win32
		{F3D31E44-7F30-45BC-9AE4-A177CDFE4838}.Release|x86.Build.0 = Release|Win32
		{1F8A0309-19F2-4DF2-ABAC-1C3B1E7EA2AA}.Debug|Any CPU.ActiveCfg = Debug|Win32
		{1F8A0309-19F2-4DF2-ABAC-1C3B1E7EA2AA}.Debug|x64.ActiveCfg = Debug|x64
		{1F8A0309-19F2-4DF2-ABAC-1C3B1E7EA2AA}.Debug|x64.Build.0 = Debug|x64
		{1F8A0309-19F2-4DF2-ABAC-1C3B1E7EA2AA}.Debug|x86.ActiveCfg = Debug|Win32
		{1F8A0309-19F2-4DF2-ABAC-1C3B1E7EA2AA}.Debug|x86.Build.0 = Debug|Win32
		{1F8A0309-19F2-4DF2-ABAC-1C3B1E7EA2AA}.Release|Any CPU.ActiveCfg = Release|Win32
		{1F8A0309-19F2-4DF2-ABAC-1C3B1E7EA2AA}.Release|x64.ActiveCfg = Release|x64
		{1F8A0309-19F2-4DF2-ABAC-1C3B1E7EA2AA}.Release|x64.Build.0 = Release|x64
		{1F8A0309-19F2-4DF2-ABAC-1C3B1E7EA2AA}.Release|x86.ActiveCfg = Release|Win32
		{1F8A0309-19F2-4DF2-ABAC-1C3B1E7EA2AA}.Release|x86.Build.0 = Release|Win32
	EndGlobalSection
	GlobalSection(SolutionProperties) = preSolution
		HideSolutionNode = FALSE
	EndGlobalSection
EndGlobal
