
Microsoft Visual Studio Solution File, Format Version 12.00
# Visual Studio 14
VisualStudioVersion = 14.0.25123.0
MinimumVisualStudioVersion = 10.0.40219.1
Project("{8BC9CEB8-8B4A-11D0-8D11-00A0C91BC942}") = "homework", "homework\homework.vcxproj", "{868EAC48-994F-4FF0-8775-D7BF237A82C2}"
EndProject
Project("{8BC9CEB8-8B4A-11D0-8D11-00A0C91BC942}") = "structs exercise", "structs exercise\structs exercise.vcxproj", "{93A9B976-7871-4E6E-B64B-EAD6DD257604}"
EndProject
Project("{8BC9CEB8-8B4A-11D0-8D11-00A0C91BC942}") = "string class", "string class\string class.vcxproj", "{331A7FBE-83B5-46A2-B1A1-01B100EBDEB9}"
EndProject
Project("{8BC9CEB8-8B4A-11D0-8D11-00A0C91BC942}") = "9.15 morning problem", "9.15 morning problem\9.15 morning problem.vcxproj", "{6F79EACB-952B-4C19-BE4E-A096C6CDCD15}"
EndProject
Project("{8BC9CEB8-8B4A-11D0-8D11-00A0C91BC942}") = "pointers exercise", "pointers exercise\pointers exercise.vcxproj", "{9E93DA7B-1457-4FB9-B636-0A91AC945C79}"
EndProject
Global
	GlobalSection(SolutionConfigurationPlatforms) = preSolution
		Debug|x64 = Debug|x64
		Debug|x86 = Debug|x86
		Release|x64 = Release|x64
		Release|x86 = Release|x86
	EndGlobalSection
	GlobalSection(ProjectConfigurationPlatforms) = postSolution
		{868EAC48-994F-4FF0-8775-D7BF237A82C2}.Debug|x64.ActiveCfg = Debug|x64
		{868EAC48-994F-4FF0-8775-D7BF237A82C2}.Debug|x64.Build.0 = Debug|x64
		{868EAC48-994F-4FF0-8775-D7BF237A82C2}.Debug|x86.ActiveCfg = Debug|Win32
		{868EAC48-994F-4FF0-8775-D7BF237A82C2}.Debug|x86.Build.0 = Debug|Win32
		{868EAC48-994F-4FF0-8775-D7BF237A82C2}.Release|x64.ActiveCfg = Release|x64
		{868EAC48-994F-4FF0-8775-D7BF237A82C2}.Release|x64.Build.0 = Release|x64
		{868EAC48-994F-4FF0-8775-D7BF237A82C2}.Release|x86.ActiveCfg = Release|Win32
		{868EAC48-994F-4FF0-8775-D7BF237A82C2}.Release|x86.Build.0 = Release|Win32
		{93A9B976-7871-4E6E-B64B-EAD6DD257604}.Debug|x64.ActiveCfg = Debug|x64
		{93A9B976-7871-4E6E-B64B-EAD6DD257604}.Debug|x64.Build.0 = Debug|x64
		{93A9B976-7871-4E6E-B64B-EAD6DD257604}.Debug|x86.ActiveCfg = Debug|Win32
		{93A9B976-7871-4E6E-B64B-EAD6DD257604}.Debug|x86.Build.0 = Debug|Win32
		{93A9B976-7871-4E6E-B64B-EAD6DD257604}.Release|x64.ActiveCfg = Release|x64
		{93A9B976-7871-4E6E-B64B-EAD6DD257604}.Release|x64.Build.0 = Release|x64
		{93A9B976-7871-4E6E-B64B-EAD6DD257604}.Release|x86.ActiveCfg = Release|Win32
		{93A9B976-7871-4E6E-B64B-EAD6DD257604}.Release|x86.Build.0 = Release|Win32
		{331A7FBE-83B5-46A2-B1A1-01B100EBDEB9}.Debug|x64.ActiveCfg = Debug|x64
		{331A7FBE-83B5-46A2-B1A1-01B100EBDEB9}.Debug|x64.Build.0 = Debug|x64
		{331A7FBE-83B5-46A2-B1A1-01B100EBDEB9}.Debug|x86.ActiveCfg = Debug|Win32
		{331A7FBE-83B5-46A2-B1A1-01B100EBDEB9}.Debug|x86.Build.0 = Debug|Win32
		{331A7FBE-83B5-46A2-B1A1-01B100EBDEB9}.Release|x64.ActiveCfg = Release|x64
		{331A7FBE-83B5-46A2-B1A1-01B100EBDEB9}.Release|x64.Build.0 = Release|x64
		{331A7FBE-83B5-46A2-B1A1-01B100EBDEB9}.Release|x86.ActiveCfg = Release|Win32
		{331A7FBE-83B5-46A2-B1A1-01B100EBDEB9}.Release|x86.Build.0 = Release|Win32
		{6F79EACB-952B-4C19-BE4E-A096C6CDCD15}.Debug|x64.ActiveCfg = Debug|x64
		{6F79EACB-952B-4C19-BE4E-A096C6CDCD15}.Debug|x64.Build.0 = Debug|x64
		{6F79EACB-952B-4C19-BE4E-A096C6CDCD15}.Debug|x86.ActiveCfg = Debug|Win32
		{6F79EACB-952B-4C19-BE4E-A096C6CDCD15}.Debug|x86.Build.0 = Debug|Win32
		{6F79EACB-952B-4C19-BE4E-A096C6CDCD15}.Release|x64.ActiveCfg = Release|x64
		{6F79EACB-952B-4C19-BE4E-A096C6CDCD15}.Release|x64.Build.0 = Release|x64
		{6F79EACB-952B-4C19-BE4E-A096C6CDCD15}.Release|x86.ActiveCfg = Release|Win32
		{6F79EACB-952B-4C19-BE4E-A096C6CDCD15}.Release|x86.Build.0 = Release|Win32
		{9E93DA7B-1457-4FB9-B636-0A91AC945C79}.Debug|x64.ActiveCfg = Debug|x64
		{9E93DA7B-1457-4FB9-B636-0A91AC945C79}.Debug|x64.Build.0 = Debug|x64
		{9E93DA7B-1457-4FB9-B636-0A91AC945C79}.Debug|x86.ActiveCfg = Debug|Win32
		{9E93DA7B-1457-4FB9-B636-0A91AC945C79}.Debug|x86.Build.0 = Debug|Win32
		{9E93DA7B-1457-4FB9-B636-0A91AC945C79}.Release|x64.ActiveCfg = Release|x64
		{9E93DA7B-1457-4FB9-B636-0A91AC945C79}.Release|x64.Build.0 = Release|x64
		{9E93DA7B-1457-4FB9-B636-0A91AC945C79}.Release|x86.ActiveCfg = Release|Win32
		{9E93DA7B-1457-4FB9-B636-0A91AC945C79}.Release|x86.Build.0 = Release|Win32
	EndGlobalSection
	GlobalSection(SolutionProperties) = preSolution
		HideSolutionNode = FALSE
	EndGlobalSection
EndGlobal
